
Microsoft Visual Studio Solution File, Format Version 12.00
# Visual Studio 15
VisualStudioVersion = 15.0.27428.2043
MinimumVisualStudioVersion = 10.0.40219.1
Project("{FAE04EC0-301F-11D3-BF4B-00C04F79EFBC}") = "SuperAdventure", "SuperAdventure\SuperAdventure.csproj", "{4316119F-7724-4B8E-83DF-0FE5907E12C0}"
EndProject
Project("{FAE04EC0-301F-11D3-BF4B-00C04F79EFBC}") = "Engine", "Engine\Engine.csproj", "{61A759D8-6FDB-40D1-97F1-61925F76E638}"
EndProject
Global
	GlobalSection(SolutionConfigurationPlatforms) = preSolution
		Debug|Any CPU = Debug|Any CPU
		Release|Any CPU = Release|Any CPU
	EndGlobalSection
	GlobalSection(ProjectConfigurationPlatforms) = postSolution
		{4316119F-7724-4B8E-83DF-0FE5907E12C0}.Debug|Any CPU.ActiveCfg = Debug|Any CPU
		{4316119F-7724-4B8E-83DF-0FE5907E12C0}.Debug|Any CPU.Build.0 = Debug|Any CPU
		{4316119F-7724-4B8E-83DF-0FE5907E12C0}.Release|Any CPU.ActiveCfg = Release|Any CPU
		{4316119F-7724-4B8E-83DF-0FE5907E12C0}.Release|Any CPU.Build.0 = Release|Any CPU
		{61A759D8-6FDB-40D1-97F1-61925F76E638}.Debug|Any CPU.ActiveCfg = Debug|Any CPU
		{61A759D8-6FDB-40D1-97F1-61925F76E638}.Debug|Any CPU.Build.0 = Debug|Any CPU
		{61A759D8-6FDB-40D1-97F1-61925F76E638}.Release|Any CPU.ActiveCfg = Release|Any CPU
		{61A759D8-6FDB-40D1-97F1-61925F76E638}.Release|Any CPU.Build.0 = Release|Any CPU
	EndGlobalSection
	GlobalSection(SolutionProperties) = preSolution
		HideSolutionNode = FALSE
	EndGlobalSection
	GlobalSection(ExtensibilityGlobals) = postSolution
		SolutionGuid = {69211949-B2CD-4282-B7D7-E14E6BD6E240}
	EndGlobalSection
EndGlobal
